[[package]]
category = "main"
description = "Python package for providing Mozilla's CA Bundle."
name = "certifi"
optional = false
python-versions = "*"
version = "2018.11.29"

[[package]]
category = "main"
description = "Universal encoding detector for Python 2 and 3"
name = "chardet"
optional = false
python-versions = "*"
version = "3.0.4"

[[package]]
category = "main"
description = "XML bomb protection for Python stdlib modules"
name = "defusedxml"
optional = false
python-versions = "*"
version = "0.5.0"

[[package]]
category = "main"
description = "Internationalized Domain Names in Applications (IDNA)"
name = "idna"
optional = false
python-versions = ">=2.7, !=3.0.*, !=3.1.*, !=3.2.*, !=3.3.*"
version = "2.8"

[[package]]
category = "main"
description = "Python Imaging Library (Fork)"
name = "pillow"
optional = false
python-versions = ">=2.7, !=3.0.*, !=3.1.*, !=3.2.*, !=3.3.*, !=3.4.*"
version = "6.2.0"

[[package]]
category = "main"
description = "Python HTTP for Humans."
name = "requests"
optional = false
python-versions = ">=2.7, !=3.0.*, !=3.1.*, !=3.2.*, !=3.3.*"
version = "2.21.0"

[package.dependencies]
certifi = ">=2017.4.17"
chardet = ">=3.0.2,<3.1.0"
idna = ">=2.5,<2.9"
urllib3 = ">=1.21.1,<1.25"

[[package]]
category = "main"
description = "HTTP library with thread-safe connection pooling, file post, and more."
name = "urllib3"
optional = false
python-versions = ">=2.7, !=3.0.*, !=3.1.*, !=3.2.*, !=3.3.*, <4"
version = "1.24.1"

[metadata]
content-hash = "f0a16e9894fa3b2b9b511a0b06e17e8478ca8b3f62873e73cd4b3c9fb2975252"
python-versions = "^3.6"

[metadata.hashes]
certifi = ["47f9c83ef4c0c621eaef743f133f09fa8a74a9b75f037e8624f83bd1b6626cb7", "993f830721089fef441cdfeb4b2c8c9df86f0c63239f06bd025a76a7daddb033"]
chardet = ["84ab92ed1c4d4f16916e05906b6b75a6c0fb5db821cc65e70cbd64a3e2a5eaae", "fc323ffcaeaed0e0a02bf4d117757b98aed530d9ed4531e3e15460124c106691"]
defusedxml = ["24d7f2f94f7f3cb6061acb215685e5125fbcdc40a857eff9de22518820b0a4f4", "702a91ade2968a82beb0db1e0766a6a273f33d4616a6ce8cde475d8e09853b20"]
idna = ["c357b3f628cf53ae2c4c05627ecc484553142ca23264e593d327bcde5e9c3407", "ea8b7f6188e6fa117537c3df7da9fc686d485087abf6ac197f9c46432f7e4a3c"]
pillow = ["00fdeb23820f30e43bba78eb9abb00b7a937a655de7760b2e09101d63708b64e", "01f948e8220c85eae1aa1a7f8edddcec193918f933fb07aaebe0bfbbcffefbf1", "08abf39948d4b5017a137be58f1a52b7101700431f0777bec3d897c3949f74e6", "099a61618b145ecb50c6f279666bbc398e189b8bc97544ae32b8fcb49ad6b830", "2c1c61546e73de62747e65807d2cc4980c395d4c5600ecb1f47a650c6fa78c79", "2ed9c4f694861642401f27dc3cb99772be67cd190e84845c749dae0a06c3bfae", "338581b30b908e111be578f0297255f6b57a51358cd16fa0e6f664c9a1f88bff", "38c7d48a21cd06fdeee93987147b9b1c55b73b4cfcbf83240568bfbd5adee447", "43fd026f613c8e48a25eba1a92f4d2ad7f3903c95d8c33a11611a7717d2ab654", "4548236844327a718ce3bb182ab32a16fa2050c61e334e959f554cac052fb0df", "5090857876c58885cfa388dc649e5db30aae98a068c26f3fd0ac9d7d9a4d9572", "5bbba34f97a26a93f5e8dec469ca4ddd712451418add43da946dbaed7f7a98d2", "65a28969a025a0eb4594637b6103201dc4ed2a9508bdab56ac33e43e3081c404", "892bb52b70bd5ea9dbbc3ac44f38e84f5a04e9d8b1bff48159d96cb795b81159", "8a9becd5cbd5062f973bcd2e7bc79483af310222de112b6541f8af1f93a3cc42", "972a7aaeb7c4a2795b52eef52ee991ef040b31009f36deca6207a986607b55f3", "97b119c436bfa96a92ac2ca525f7025836d4d4e64b1c9f9eff8dbaf3ff1d86f3", "9ba37698e242223f8053cc158f130aee046a96feacbeab65893dbe94f5530118", "b1b0e1f626a0f079c0d3696db70132fb1f29aa87c66aecb6501a9b8be64ce9f7", "c14c1224fd1a5be2733530d648a316974dbbb3c946913562c6005a76f21ca042", "c79a8546c48ae6465189e54e3245a97ddf21161e33ff7eaa42787353417bb2b6", "ceb76935ac4ebdf6d7bc845482a4450b284c6ccfb281e34da51d510658ab34d8", "e22bffaad04b4d16e1c091baed7f2733fc1ebb91e0c602abf1b6834d17158b1f", "ec883b8e44d877bda6f94a36313a1c6063f8b1997aa091628ae2f34c7f97c8d5", "f1baa54d50ec031d1a9beb89974108f8f2c0706f49798f4777df879df0e1adb6", "f53a5385932cda1e2c862d89460992911a89768c65d176ff8c50cddca4d29bed"]
requests = ["502a824f31acdacb3a35b6690b5fbf0bc41d63a24a45c4004352b0242707598e", "7bf2a778576d825600030a110f3c0e3e8edc51dfaafe1c146e39a2027784957b"]
urllib3 = ["61bf29cada3fc2fbefad4fdf059ea4bd1b4a86d2b6d15e1c7c0b582b9752fe39", "de9529817c93f27c8ccbfead6985011db27bd0ddfcdb2d86f3f663385c6a9c22"]
